// !$*UTF8*$!
{
	archiveVersion = 1;
	classes = {
	};
	objectVersion = 56;
	objects = {

/* Begin PBXBuildFile section */
		F610EFAA2A84DD1000508A01 /* BlogAppApp.swift in Sources */ = {isa = PBXBuildFile; fileRef = F610EFA92A84DD1000508A01 /* BlogAppApp.swift */; };
		F610EFAC2A84DD1000508A01 /* ListView.swift in Sources */ = {isa = PBXBuildFile; fileRef = F610EFAB2A84DD1000508A01 /* ListView.swift */; };
		F610EFAE2A84DD1100508A01 /* Assets.xcassets in Resources */ = {isa = PBXBuildFile; fileRef = F610EFAD2A84DD1100508A01 /* Assets.xcassets */; };
		F610EFB12A84DD1100508A01 /* Preview Assets.xcassets in Resources */ = {isa = PBXBuildFile; fileRef = F610EFB02A84DD1100508A01 /* Preview Assets.xcassets */; };
		F610EFBC2A84E18A00508A01 /* BlogItem.swift in Sources */ = {isa = PBXBuildFile; fileRef = F610EFBB2A84E18A00508A01 /* BlogItem.swift */; };
		F610EFBE2A84E96F00508A01 /* HomeView.swift in Sources */ = {isa = PBXBuildFile; fileRef = F610EFBD2A84E96F00508A01 /* HomeView.swift */; };
		F610EFC02A84E9A300508A01 /* homeBlogItem.swift in Sources */ = {isa = PBXBuildFile; fileRef = F610EFBF2A84E9A300508A01 /* homeBlogItem.swift */; };
		F610EFC22A84E9DD00508A01 /* SeeAllView.swift in Sources */ = {isa = PBXBuildFile; fileRef = F610EFC12A84E9DD00508A01 /* SeeAllView.swift */; };
		F610EFC42A84EA5200508A01 /* BlogItemSpecView.swift in Sources */ = {isa = PBXBuildFile; fileRef = F610EFC32A84EA5200508A01 /* BlogItemSpecView.swift */; };
/* End PBXBuildFile section */

/* Begin PBXFileReference section */
		F610EFA62A84DD1000508A01 /* BlogApp.app */ = {isa = PBXFileReference; explicitFileType = wrapper.application; includeInIndex = 0; path = BlogApp.app; sourceTree = BUILT_PRODUCTS_DIR; };
		F610EFA92A84DD1000508A01 /* BlogAppApp.swift */ = {isa = PBXFileReference; lastKnownFileType = sourcecode.swift; path = BlogAppApp.swift; sourceTree = "<group>"; };
		F610EFAB2A84DD1000508A01 /* ListView.swift */ = {isa = PBXFileReference; lastKnownFileType = sourcecode.swift; path = ListView.swift; sourceTree = "<group>"; };
		F610EFAD2A84DD1100508A01 /* Assets.xcassets */ = {isa = PBXFileReference; lastKnownFileType = folder.assetcatalog; path = Assets.xcassets; sourceTree = "<group>"; };
		F610EFB02A84DD1100508A01 /* Preview Assets.xcassets */ = {isa = PBXFileReference; lastKnownFileType = folder.assetcatalog; path = "Preview Assets.xcassets"; sourceTree = "<group>"; };
		F610EFBB2A84E18A00508A01 /* BlogItem.swift */ = {isa = PBXFileReference; lastKnownFileType = sourcecode.swift; path = BlogItem.swift; sourceTree = "<group>"; };
		F610EFBD2A84E96F00508A01 /* HomeView.swift */ = {isa = PBXFileReference; lastKnownFileType = sourcecode.swift; path = HomeView.swift; sourceTree = "<group>"; };
		F610EFBF2A84E9A300508A01 /* homeBlogItem.swift */ = {isa = PBXFileReference; lastKnownFileType = sourcecode.swift; path = homeBlogItem.swift; sourceTree = "<group>"; };
		F610EFC12A84E9DD00508A01 /* SeeAllView.swift */ = {isa = PBXFileReference; lastKnownFileType = sourcecode.swift; path = SeeAllView.swift; sourceTree = "<group>"; };
		F610EFC32A84EA5200508A01 /* BlogItemSpecView.swift */ = {isa = PBXFileReference; lastKnownFileType = sourcecode.swift; path = BlogItemSpecView.swift; sourceTree = "<group>"; };
/* End PBXFileReference section */

/* Begin PBXFrameworksBuildPhase section */
		F610EFA32A84DD1000508A01 /* Frameworks */ = {
			isa = PBXFrameworksBuildPhase;
			buildActionMask = 2147483647;
			files = (
			);
			runOnlyForDeploymentPostprocessing = 0;
		};
/* End PBXFrameworksBuildPhase section */

/* Begin PBXGroup section */
		F610EF9D2A84DD1000508A01 = {
			isa = PBXGroup;
			children = (
				F610EFA82A84DD1000508A01 /* BlogApp */,
				F610EFA72A84DD1000508A01 /* Products */,
			);
			sourceTree = "<group>";
		};
		F610EFA72A84DD1000508A01 /* Products */ = {
			isa = PBXGroup;
			children = (
				F610EFA62A84DD1000508A01 /* BlogApp.app */,
			);
			name = Products;
			sourceTree = "<group>";
		};
		F610EFA82A84DD1000508A01 /* BlogApp */ = {
			isa = PBXGroup;
			children = (
				F610EFA92A84DD1000508A01 /* BlogAppApp.swift */,
				F610EFBA2A84DDCD00508A01 /* Components */,
				F610EFB92A84DDA100508A01 /* Model */,
				F610EFB82A84DD9C00508A01 /* ViewModel */,
				F610EFB72A84DD9800508A01 /* View */,
				F610EFAD2A84DD1100508A01 /* Assets.xcassets */,
				F610EFAF2A84DD1100508A01 /* Preview Content */,
			);
			path = BlogApp;
			sourceTree = "<group>";
		};
		F610EFAF2A84DD1100508A01 /* Preview Content */ = {
			isa = PBXGroup;
			children = (
				F610EFB02A84DD1100508A01 /* Preview Assets.xcassets */,
			);
			path = "Preview Content";
			sourceTree = "<group>";
		};
		F610EFB72A84DD9800508A01 /* View */ = {
			isa = PBXGroup;
			children = (
				F610EFAB2A84DD1000508A01 /* ListView.swift */,
				F610EFBD2A84E96F00508A01 /* HomeView.swift */,
				F610EFC12A84E9DD00508A01 /* SeeAllView.swift */,
				F610EFC32A84EA5200508A01 /* BlogItemSpecView.swift */,
			);
			path = View;
			sourceTree = "<group>";
		};
		F610EFB82A84DD9C00508A01 /* ViewModel */ = {
			isa = PBXGroup;
			children = (
			);
			path = ViewModel;
			sourceTree = "<group>";
		};
		F610EFB92A84DDA100508A01 /* Model */ = {
			isa = PBXGroup;
			children = (
				F610EFBB2A84E18A00508A01 /* BlogItem.swift */,
			);
			path = Model;
			sourceTree = "<group>";
		};
		F610EFBA2A84DDCD00508A01 /* Components */ = {
			isa = PBXGroup;
			children = (
				F610EFBF2A84E9A300508A01 /* homeBlogItem.swift */,
			);
			path = Components;
			sourceTree = "<group>";
		};
/* End PBXGroup section */

/* Begin PBXNativeTarget section */
		F610EFA52A84DD1000508A01 /* BlogApp */ = {
			isa = PBXNativeTarget;
			buildConfigurationList = F610EFB42A84DD1100508A01 /* Build configuration list for PBXNativeTarget "BlogApp" */;
			buildPhases = (
				F610EFA22A84DD1000508A01 /* Sources */,
				F610EFA32A84DD1000508A01 /* Frameworks */,
				F610EFA42A84DD1000508A01 /* Resources */,
			);
			buildRules = (
			);
			dependencies = (
			);
			name = BlogApp;
			productName = BlogApp;
			productReference = F610EFA62A84DD1000508A01 /* BlogApp.app */;
			productType = "com.apple.product-type.application";
		};
/* End PBXNativeTarget section */

/* Begin PBXProject section */
		F610EF9E2A84DD1000508A01 /* Project object */ = {
			isa = PBXProject;
			attributes = {
				BuildIndependentTargetsInParallel = 1;
				LastSwiftUpdateCheck = 1430;
				LastUpgradeCheck = 1430;
				TargetAttributes = {
					F610EFA52A84DD1000508A01 = {
						CreatedOnToolsVersion = 14.3.1;
					};
				};
			};
			buildConfigurationList = F610EFA12A84DD1000508A01 /* Build configuration list for PBXProject "BlogApp" */;
			compatibilityVersion = "Xcode 14.0";
			developmentRegion = en;
			hasScannedForEncodings = 0;
			knownRegions = (
				en,
				Base,
			);
			mainGroup = F610EF9D2A84DD1000508A01;
			productRefGroup = F610EFA72A84DD1000508A01 /* Products */;
			projectDirPath = "";
			projectRoot = "";
			targets = (
				F610EFA52A84DD1000508A01 /* BlogApp */,
			);
		};
/* End PBXProject section */

/* Begin PBXResourcesBuildPhase section */
		F610EFA42A84DD1000508A01 /* Resources */ = {
			isa = PBXResourcesBuildPhase;
			buildActionMask = 2147483647;
			files = (
				F610EFB12A84DD1100508A01 /* Preview Assets.xcassets in Resources */,
				F610EFAE2A84DD1100508A01 /* Assets.xcassets in Resources */,
			);
			runOnlyForDeploymentPostprocessing = 0;
		};
/* End PBXResourcesBuildPhase section */

/* Begin PBXSourcesBuildPhase section */
		F610EFA22A84DD1000508A01 /* Sources */ = {
			isa = PBXSourcesBuildPhase;
			buildActionMask = 2147483647;
			files = (
				F610EFC22A84E9DD00508A01 /* SeeAllView.swift in Sources */,
				F610EFC02A84E9A300508A01 /* homeBlogItem.swift in Sources */,
				F610EFAC2A84DD1000508A01 /* ListView.swift in Sources */,
				F610EFBE2A84E96F00508A01 /* HomeView.swift in Sources */,
				F610EFAA2A84DD1000508A01 /* BlogAppApp.swift in Sources */,
				F610EFC42A84EA5200508A01 /* BlogItemSpecView.swift in Sources */,
				F610EFBC2A84E18A00508A01 /* BlogItem.swift in Sources */,
			);
			runOnlyForDeploymentPostprocessing = 0;
		};
/* End PBXSourcesBuildPhase section */

/* Begin XCBuildConfiguration section */
		F610EFB22A84DD1100508A01 /* Debug */ = {
			isa = XCBuildConfiguration;
			buildSettings = {
				ALWAYS_SEARCH_USER_PATHS = NO;
				CLANG_ANALYZER_NONNULL = YES;
				CLANG_ANALYZER_NUMBER_OBJECT_CONVERSION = YES_AGGRESSIVE;
				CLANG_CXX_LANGUAGE_STANDARD = "gnu++20";
				CLANG_ENABLE_MODULES = YES;
				CLANG_ENABLE_OBJC_ARC = YES;
				CLANG_ENABLE_OBJC_WEAK = YES;
				CLANG_WARN_BLOCK_CAPTURE_AUTORELEASING = YES;
				CLANG_WARN_BOOL_CONVERSION = YES;
				CLANG_WARN_COMMA = YES;
				CLANG_WARN_CONSTANT_CONVERSION = YES;
				CLANG_WARN_DEPRECATED_OBJC_IMPLEMENTATIONS = YES;
				CLANG_WARN_DIRECT_OBJC_ISA_USAGE = YES_ERROR;
				CLANG_WARN_DOCUMENTATION_COMMENTS = YES;
				CLANG_WARN_EMPTY_BODY = YES;
				CLANG_WARN_ENUM_CONVERSION = YES;
				CLANG_WARN_INFINITE_RECURSION = YES;
				CLANG_WARN_INT_CONVERSION = YES;
				CLANG_WARN_NON_LITERAL_NULL_CONVERSION = YES;
				CLANG_WARN_OBJC_IMPLICIT_RETAIN_SELF = YES;
				CLANG_WARN_OBJC_LITERAL_CONVERSION = YES;
				CLANG_WARN_OBJC_ROOT_CLASS = YES_ERROR;
				CLANG_WARN_QUOTED_INCLUDE_IN_FRAMEWORK_HEADER = YES;
				CLANG_WARN_RANGE_LOOP_ANALYSIS = YES;
				CLANG_WARN_STRICT_PROTOTYPES = YES;
				CLANG_WARN_SUSPICIOUS_MOVE = YES;
				CLANG_WARN_UNGUARDED_AVAILABILITY = YES_AGGRESSIVE;
				CLANG_WARN_UNREACHABLE_CODE = YES;
				CLANG_WARN__DUPLICATE_METHOD_MATCH = YES;
				COPY_PHASE_STRIP = NO;
				DEBUG_INFORMATION_FORMAT = dwarf;
				ENABLE_STRICT_OBJC_MSGSEND = YES;
				ENABLE_TESTABILITY = YES;
				GCC_C_LANGUAGE_STANDARD = gnu11;
				GCC_DYNAMIC_NO_PIC = NO;
				GCC_NO_COMMON_BLOCKS = YES;
				GCC_OPTIMIZATION_LEVEL = 0;
				GCC_PREPROCESSOR_DEFINITIONS = (
					"DEBUG=1",
					"$(inherited)",
				);
				GCC_WARN_64_TO_32_BIT_CONVERSION = YES;
				GCC_WARN_ABOUT_RETURN_TYPE = YES_ERROR;
				GCC_WARN_UNDECLARED_SELECTOR = YES;
				GCC_WARN_UNINITIALIZED_AUTOS = YES_AGGRESSIVE;
				GCC_WARN_UNUSED_FUNCTION = YES;
				GCC_WARN_UNUSED_VARIABLE = YES;
				IPHONEOS_DEPLOYMENT_TARGET = 16.4;
				MTL_ENABLE_DEBUG_INFO = INCLUDE_SOURCE;
				MTL_FAST_MATH = YES;
				ONLY_ACTIVE_ARCH = YES;
				SDKROOT = iphoneos;
				SWIFT_ACTIVE_COMPILATION_CONDITIONS = DEBUG;
				SWIFT_OPTIMIZATION_LEVEL = "-Onone";
			};
			name = Debug;
		};
		F610EFB32A84DD1100508A01 /* Release */ = {
			isa = XCBuildConfiguration;
			buildSettings = {
				ALWAYS_SEARCH_USER_PATHS = NO;
				CLANG_ANALYZER_NONNULL = YES;
				CLANG_ANALYZER_NUMBER_OBJECT_CONVERSION = YES_AGGRESSIVE;
				CLANG_CXX_LANGUAGE_STANDARD = "gnu++20";
				CLANG_ENABLE_MODULES = YES;
				CLANG_ENABLE_OBJC_ARC = YES;
				CLANG_ENABLE_OBJC_WEAK = YES;
				CLANG_WARN_BLOCK_CAPTURE_AUTORELEASING = YES;
				CLANG_WARN_BOOL_CONVERSION = YES;
				CLANG_WARN_COMMA = YES;
				CLANG_WARN_CONSTANT_CONVERSION = YES;
				CLANG_WARN_DEPRECATED_OBJC_IMPLEMENTATIONS = YES;
				CLANG_WARN_DIRECT_OBJC_ISA_USAGE = YES_ERROR;
				CLANG_WARN_DOCUMENTATION_COMMENTS = YES;
				CLANG_WARN_EMPTY_BODY = YES;
				CLANG_WARN_ENUM_CONVERSION = YES;
				CLANG_WARN_INFINITE_RECURSION = YES;
				CLANG_WARN_INT_CONVERSION = YES;
				CLANG_WARN_NON_LITERAL_NULL_CONVERSION = YES;
				CLANG_WARN_OBJC_IMPLICIT_RETAIN_SELF = YES;
				CLANG_WARN_OBJC_LITERAL_CONVERSION = YES;
				CLANG_WARN_OBJC_ROOT_CLASS = YES_ERROR;
				CLANG_WARN_QUOTED_INCLUDE_IN_FRAMEWORK_HEADER = YES;
				CLANG_WARN_RANGE_LOOP_ANALYSIS = YES;
				CLANG_WARN_STRICT_PROTOTYPES = YES;
				CLANG_WARN_SUSPICIOUS_MOVE = YES;
				CLANG_WARN_UNGUARDED_AVAILABILITY = YES_AGGRESSIVE;
				CLANG_WARN_UNREACHABLE_CODE = YES;
				CLANG_WARN__DUPLICATE_METHOD_MATCH = YES;
				COPY_PHASE_STRIP = NO;
				DEBUG_INFORMATION_FORMAT = "dwarf-with-dsym";
				ENABLE_NS_ASSERTIONS = NO;
				ENABLE_STRICT_OBJC_MSGSEND = YES;
				GCC_C_LANGUAGE_STANDARD = gnu11;
				GCC_NO_COMMON_BLOCKS = YES;
				GCC_WARN_64_TO_32_BIT_CONVERSION = YES;
				GCC_WARN_ABOUT_RETURN_TYPE = YES_ERROR;
				GCC_WARN_UNDECLARED_SELECTOR = YES;
				GCC_WARN_UNINITIALIZED_AUTOS = YES_AGGRESSIVE;
				GCC_WARN_UNUSED_FUNCTION = YES;
				GCC_WARN_UNUSED_VARIABLE = YES;
				IPHONEOS_DEPLOYMENT_TARGET = 16.4;
				MTL_ENABLE_DEBUG_INFO = NO;
				MTL_FAST_MATH = YES;
				SDKROOT = iphoneos;
				SWIFT_COMPILATION_MODE = wholemodule;
				SWIFT_OPTIMIZATION_LEVEL = "-O";
				VALIDATE_PRODUCT = YES;
			};
			name = Release;
		};
		F610EFB52A84DD1100508A01 /* Debug */ = {
			isa = XCBuildConfiguration;
			buildSettings = {
				ASSETCATALOG_COMPILER_APPICON_NAME = AppIcon;
				ASSETCATALOG_COMPILER_GLOBAL_ACCENT_COLOR_NAME = AccentColor;
				CODE_SIGN_STYLE = Automatic;
				CURRENT_PROJECT_VERSION = 1;
				DEVELOPMENT_ASSET_PATHS = "\"BlogApp/Preview Content\"";
				DEVELOPMENT_TEAM = 97C52BTA9U;
				ENABLE_PREVIEWS = YES;
				GENERATE_INFOPLIST_FILE = YES;
				INFOPLIST_KEY_UIApplicationSceneManifest_Generation = YES;
				INFOPLIST_KEY_UIApplicationSupportsIndirectInputEvents = YES;
				INFOPLIST_KEY_UILaunchScreen_Generation = YES;
				INFOPLIST_KEY_UISupportedInterfaceOrientations_iPad = "UIInterfaceOrientationPortrait UIInterfaceOrientationPortraitUpsideDown UIInterfaceOrientationLandscapeLeft UIInterfaceOrientationLandscapeRight";
				INFOPLIST_KEY_UISupportedInterfaceOrientations_iPhone = "UIInterfaceOrientationPortrait UIInterfaceOrientationLandscapeLeft UIInterfaceOrientationLandscapeRight";
				LD_RUNPATH_SEARCH_PATHS = (
					"$(inherited)",
					"@executable_path/Frameworks",
				);
				MARKETING_VERSION = 1.0;
				PRODUCT_BUNDLE_IDENTIFIER = co.droelth.BlogApp;
				PRODUCT_NAME = "$(TARGET_NAME)";
				SWIFT_EMIT_LOC_STRINGS = YES;
				SWIFT_VERSION = 5.0;
				TARGETED_DEVICE_FAMILY = "1,2";
			};
			name = Debug;
		};
		F610EFB62A84DD1100508A01 /* Release */ = {
			isa = XCBuildConfiguration;
			buildSettings = {
				ASSETCATALOG_COMPILER_APPICON_NAME = AppIcon;
				ASSETCATALOG_COMPILER_GLOBAL_ACCENT_COLOR_NAME = AccentColor;
				CODE_SIGN_STYLE = Automatic;
				CURRENT_PROJECT_VERSION = 1;
				DEVELOPMENT_ASSET_PATHS = "\"BlogApp/Preview Content\"";
				DEVELOPMENT_TEAM = 97C52BTA9U;
				ENABLE_PREVIEWS = YES;
				GENERATE_INFOPLIST_FILE = YES;
				INFOPLIST_KEY_UIApplicationSceneManifest_Generation = YES;
				INFOPLIST_KEY_UIApplicationSupportsIndirectInputEvents = YES;
				INFOPLIST_KEY_UILaunchScreen_Generation = YES;
				INFOPLIST_KEY_UISupportedInterfaceOrientations_iPad = "UIInterfaceOrientationPortrait UIInterfaceOrientationPortraitUpsideDown UIInterfaceOrientationLandscapeLeft UIInterfaceOrientationLandscapeRight";
				INFOPLIST_KEY_UISupportedInterfaceOrientations_iPhone = "UIInterfaceOrientationPortrait UIInterfaceOrientationLandscapeLeft UIInterfaceOrientationLandscapeRight";
				LD_RUNPATH_SEARCH_PATHS = (
					"$(inherited)",
					"@executable_path/Frameworks",
				);
				MARKETING_VERSION = 1.0;
				PRODUCT_BUNDLE_IDENTIFIER = co.droelth.BlogApp;
				PRODUCT_NAME = "$(TARGET_NAME)";
				SWIFT_EMIT_LOC_STRINGS = YES;
				SWIFT_VERSION = 5.0;
				TARGETED_DEVICE_FAMILY = "1,2";
			};
			name = Release;
		};
/* End XCBuildConfiguration section */

/* Begin XCConfigurationList section */
		F610EFA12A84DD1000508A01 /* Build configuration list for PBXProject "BlogApp" */ = {
			isa = XCConfigurationList;
			buildConfigurations = (
				F610EFB22A84DD1100508A01 /* Debug */,
				F610EFB32A84DD1100508A01 /* Release */,
			);
			defaultConfigurationIsVisible = 0;
			defaultConfigurationName = Release;
		};
		F610EFB42A84DD1100508A01 /* Build configuration list for PBXNativeTarget "BlogApp" */ = {
			isa = XCConfigurationList;
			buildConfigurations = (
				F610EFB52A84DD1100508A01 /* Debug */,
				F610EFB62A84DD1100508A01 /* Release */,
			);
			defaultConfigurationIsVisible = 0;
			defaultConfigurationName = Release;
		};
/* End XCConfigurationList section */
	};
	rootObject = F610EF9E2A84DD1000508A01 /* Project object */;
}
